// !$*UTF8*$!
{
	archiveVersion = 1;
	classes = {
	};
	objectVersion = 77;
	objects = {

/* Begin PBXBuildFile section */
		374DA6642D8B4E22001E3FCE /* Preview Assets.xcassets in Resources */ = {isa = PBXBuildFile; fileRef = 374DA65E2D8B4E22001E3FCE /* Preview Assets.xcassets */; };
		374DA6652D8B4E22001E3FCE /* Assets.xcassets in Resources */ = {isa = PBXBuildFile; fileRef = 374DA6602D8B4E22001E3FCE /* Assets.xcassets */; };
		374DA6662D8B4E22001E3FCE /* UserView.swift in Sources */ = {isa = PBXBuildFile; fileRef = 374DA6612D8B4E22001E3FCE /* UserView.swift */; };
		374DA6672D8B4E22001E3FCE /* ArchitectureApp.swift in Sources */ = {isa = PBXBuildFile; fileRef = 374DA6622D8B4E22001E3FCE /* ArchitectureApp.swift */; };
		374DA66A2D8B4E45001E3FCE /* User.swift in Sources */ = {isa = PBXBuildFile; fileRef = 374DA6692D8B4E45001E3FCE /* User.swift */; };
		374DA6702D8B4E8E001E3FCE /* UserManager.swift in Sources */ = {isa = PBXBuildFile; fileRef = 374DA66F2D8B4E8E001E3FCE /* UserManager.swift */; };
		374DA6762D8B4F7C001E3FCE /* UserViewModel.swift in Sources */ = {isa = PBXBuildFile; fileRef = 374DA6752D8B4F7C001E3FCE /* UserViewModel.swift */; };
		374DA6782D8B508F001E3FCE /* CoreInteractor.swift in Sources */ = {isa = PBXBuildFile; fileRef = 374DA6772D8B508F001E3FCE /* CoreInteractor.swift */; };
		374DA67A2D8B53A5001E3FCE /* UserInteractor.swift in Sources */ = {isa = PBXBuildFile; fileRef = 374DA6792D8B53A5001E3FCE /* UserInteractor.swift */; };
		378F48E22D8C3325006F36E9 /* DependencyContainer.swift in Sources */ = {isa = PBXBuildFile; fileRef = 378F48E12D8C3325006F36E9 /* DependencyContainer.swift */; };
		378F48E42D8C333A006F36E9 /* Dependencies.swift in Sources */ = {isa = PBXBuildFile; fileRef = 378F48E32D8C3334006F36E9 /* Dependencies.swift */; };
		378F48E62D8C348F006F36E9 /* AppDelegate.swift in Sources */ = {isa = PBXBuildFile; fileRef = 378F48E52D8C348F006F36E9 /* AppDelegate.swift */; };
/* End PBXBuildFile section */

/* Begin PBXFileReference section */
		374DA64D2D8B4E1A001E3FCE /* Architecture.app */ = {isa = PBXFileReference; explicitFileType = wrapper.application; includeInIndex = 0; path = Architecture.app; sourceTree = BUILT_PRODUCTS_DIR; };
		374DA65E2D8B4E22001E3FCE /* Preview Assets.xcassets */ = {isa = PBXFileReference; lastKnownFileType = folder.assetcatalog; path = "Preview Assets.xcassets"; sourceTree = "<group>"; };
		374DA6602D8B4E22001E3FCE /* Assets.xcassets */ = {isa = PBXFileReference; lastKnownFileType = folder.assetcatalog; path = Assets.xcassets; sourceTree = "<group>"; };
		374DA6612D8B4E22001E3FCE /* UserView.swift */ = {isa = PBXFileReference; lastKnownFileType = sourcecode.swift; path = UserView.swift; sourceTree = "<group>"; };
		374DA6622D8B4E22001E3FCE /* ArchitectureApp.swift */ = {isa = PBXFileReference; lastKnownFileType = sourcecode.swift; path = ArchitectureApp.swift; sourceTree = "<group>"; };
		374DA6692D8B4E45001E3FCE /* User.swift */ = {isa = PBXFileReference; lastKnownFileType = sourcecode.swift; path = User.swift; sourceTree = "<group>"; };
		374DA66F2D8B4E8E001E3FCE /* UserManager.swift */ = {isa = PBXFileReference; lastKnownFileType = sourcecode.swift; path = UserManager.swift; sourceTree = "<group>"; };
		374DA6752D8B4F7C001E3FCE /* UserViewModel.swift */ = {isa = PBXFileReference; lastKnownFileType = sourcecode.swift; path = UserViewModel.swift; sourceTree = "<group>"; };
		374DA6772D8B508F001E3FCE /* CoreInteractor.swift */ = {isa = PBXFileReference; lastKnownFileType = sourcecode.swift; path = CoreInteractor.swift; sourceTree = "<group>"; };
		374DA6792D8B53A5001E3FCE /* UserInteractor.swift */ = {isa = PBXFileReference; lastKnownFileType = sourcecode.swift; path = UserInteractor.swift; sourceTree = "<group>"; };
		378F48E12D8C3325006F36E9 /* DependencyContainer.swift */ = {isa = PBXFileReference; lastKnownFileType = sourcecode.swift; path = DependencyContainer.swift; sourceTree = "<group>"; };
		378F48E32D8C3334006F36E9 /* Dependencies.swift */ = {isa = PBXFileReference; lastKnownFileType = sourcecode.swift; path = Dependencies.swift; sourceTree = "<group>"; };
		378F48E52D8C348F006F36E9 /* AppDelegate.swift */ = {isa = PBXFileReference; lastKnownFileType = sourcecode.swift; path = AppDelegate.swift; sourceTree = "<group>"; };
/* End PBXFileReference section */

/* Begin PBXFrameworksBuildPhase section */
		374DA64A2D8B4E1A001E3FCE /* Frameworks */ = {
			isa = PBXFrameworksBuildPhase;
			buildActionMask = 2147483647;
			files = (
			);
			runOnlyForDeploymentPostprocessing = 0;
		};
/* End PBXFrameworksBuildPhase section */

/* Begin PBXGroup section */
		374DA6442D8B4E1A001E3FCE = {
			isa = PBXGroup;
			children = (
				374DA6632D8B4E22001E3FCE /* Architecture */,
				374DA64E2D8B4E1A001E3FCE /* Products */,
			);
			sourceTree = "<group>";
		};
		374DA64E2D8B4E1A001E3FCE /* Products */ = {
			isa = PBXGroup;
			children = (
				374DA64D2D8B4E1A001E3FCE /* Architecture.app */,
			);
			name = Products;
			sourceTree = "<group>";
		};
		374DA65F2D8B4E22001E3FCE /* Preview Content */ = {
			isa = PBXGroup;
			children = (
				374DA65E2D8B4E22001E3FCE /* Preview Assets.xcassets */,
			);
			path = "Preview Content";
			sourceTree = "<group>";
		};
		374DA6632D8B4E22001E3FCE /* Architecture */ = {
			isa = PBXGroup;
			children = (
				374DA67E2D8B57D9001E3FCE /* Assets */,
				374DA67B2D8B5738001E3FCE /* Core */,
				374DA66E2D8B4E84001E3FCE /* Manager */,
				374DA65F2D8B4E22001E3FCE /* Preview Content */,
				374DA67D2D8B577C001E3FCE /* Root */,
			);
			path = Architecture;
			sourceTree = "<group>";
		};
		374DA6682D8B4E37001E3FCE /* Model */ = {
			isa = PBXGroup;
			children = (
				374DA6692D8B4E45001E3FCE /* User.swift */,
			);
			path = Model;
			sourceTree = "<group>";
		};
		374DA66B2D8B4E59001E3FCE /* Service */ = {
			isa = PBXGroup;
			children = (
				374DA6792D8B53A5001E3FCE /* UserInteractor.swift */,
			);
			path = Service;
			sourceTree = "<group>";
		};
		374DA66E2D8B4E84001E3FCE /* Manager */ = {
			isa = PBXGroup;
			children = (
				374DA66F2D8B4E8E001E3FCE /* UserManager.swift */,
				374DA6682D8B4E37001E3FCE /* Model */,
				374DA66B2D8B4E59001E3FCE /* Service */,
			);
			path = Manager;
			sourceTree = "<group>";
		};
		374DA67B2D8B5738001E3FCE /* Core */ = {
			isa = PBXGroup;
			children = (
				374DA67C2D8B574B001E3FCE /* User */,
			);
			path = Core;
			sourceTree = "<group>";
		};
		374DA67C2D8B574B001E3FCE /* User */ = {
			isa = PBXGroup;
			children = (
				374DA6612D8B4E22001E3FCE /* UserView.swift */,
				374DA6752D8B4F7C001E3FCE /* UserViewModel.swift */,
			);
			path = User;
			sourceTree = "<group>";
		};
		374DA67D2D8B577C001E3FCE /* Root */ = {
			isa = PBXGroup;
			children = (
				378F48E52D8C348F006F36E9 /* AppDelegate.swift */,
				374DA6772D8B508F001E3FCE /* CoreInteractor.swift */,
				378F48E32D8C3334006F36E9 /* Dependencies.swift */,
				378F48E12D8C3325006F36E9 /* DependencyContainer.swift */,
				374DA6622D8B4E22001E3FCE /* ArchitectureApp.swift */,
			);
			path = Root;
			sourceTree = "<group>";
		};
		374DA67E2D8B57D9001E3FCE /* Assets */ = {
			isa = PBXGroup;
			children = (
				374DA6602D8B4E22001E3FCE /* Assets.xcassets */,
			);
			path = Assets;
			sourceTree = "<group>";
		};
/* End PBXGroup section */

/* Begin PBXNativeTarget section */
		374DA64C2D8B4E1A001E3FCE /* Architecture */ = {
			isa = PBXNativeTarget;
			buildConfigurationList = 374DA65B2D8B4E1B001E3FCE /* Build configuration list for PBXNativeTarget "Architecture" */;
			buildPhases = (
				374DA6492D8B4E1A001E3FCE /* Sources */,
				374DA64A2D8B4E1A001E3FCE /* Frameworks */,
				374DA64B2D8B4E1A001E3FCE /* Resources */,
			);
			buildRules = (
			);
			dependencies = (
			);
			name = Architecture;
			packageProductDependencies = (
			);
			productName = Architecture;
			productReference = 374DA64D2D8B4E1A001E3FCE /* Architecture.app */;
			productType = "com.apple.product-type.application";
		};
/* End PBXNativeTarget section */

/* Begin PBXProject section */
		374DA6452D8B4E1A001E3FCE /* Project object */ = {
			isa = PBXProject;
			attributes = {
				BuildIndependentTargetsInParallel = 1;
				LastSwiftUpdateCheck = 1620;
				LastUpgradeCheck = 1620;
				TargetAttributes = {
					374DA64C2D8B4E1A001E3FCE = {
						CreatedOnToolsVersion = 16.2;
					};
				};
			};
			buildConfigurationList = 374DA6482D8B4E1A001E3FCE /* Build configuration list for PBXProject "Architecture" */;
			developmentRegion = en;
			hasScannedForEncodings = 0;
			knownRegions = (
				en,
				Base,
			);
			mainGroup = 374DA6442D8B4E1A001E3FCE;
			minimizedProjectReferenceProxies = 1;
			preferredProjectObjectVersion = 77;
			productRefGroup = 374DA64E2D8B4E1A001E3FCE /* Products */;
			projectDirPath = "";
			projectRoot = "";
			targets = (
				374DA64C2D8B4E1A001E3FCE /* Architecture */,
			);
		};
/* End PBXProject section */

/* Begin PBXResourcesBuildPhase section */
		374DA64B2D8B4E1A001E3FCE /* Resources */ = {
			isa = PBXResourcesBuildPhase;
			buildActionMask = 2147483647;
			files = (
				374DA6642D8B4E22001E3FCE /* Preview Assets.xcassets in Resources */,
				374DA6652D8B4E22001E3FCE /* Assets.xcassets in Resources */,
			);
			runOnlyForDeploymentPostprocessing = 0;
		};
/* End PBXResourcesBuildPhase section */

/* Begin PBXSourcesBuildPhase section */
		374DA6492D8B4E1A001E3FCE /* Sources */ = {
			isa = PBXSourcesBuildPhase;
			buildActionMask = 2147483647;
			files = (
				374DA6662D8B4E22001E3FCE /* UserView.swift in Sources */,
				374DA6672D8B4E22001E3FCE /* ArchitectureApp.swift in Sources */,
				374DA6782D8B508F001E3FCE /* CoreInteractor.swift in Sources */,
				378F48E42D8C333A006F36E9 /* Dependencies.swift in Sources */,
				374DA6702D8B4E8E001E3FCE /* UserManager.swift in Sources */,
				374DA66A2D8B4E45001E3FCE /* User.swift in Sources */,
				374DA6762D8B4F7C001E3FCE /* UserViewModel.swift in Sources */,
				378F48E22D8C3325006F36E9 /* DependencyContainer.swift in Sources */,
				378F48E62D8C348F006F36E9 /* AppDelegate.swift in Sources */,
				374DA67A2D8B53A5001E3FCE /* UserInteractor.swift in Sources */,
			);
			runOnlyForDeploymentPostprocessing = 0;
		};
/* End PBXSourcesBuildPhase section */

/* Begin XCBuildConfiguration section */
		374DA6592D8B4E1B001E3FCE /* Debug */ = {
			isa = XCBuildConfiguration;
			buildSettings = {
				ALWAYS_SEARCH_USER_PATHS = NO;
				ASSETCATALOG_COMPILER_GENERATE_SWIFT_ASSET_SYMBOL_EXTENSIONS = YES;
				CLANG_ANALYZER_NONNULL = YES;
				CLANG_ANALYZER_NUMBER_OBJECT_CONVERSION = YES_AGGRESSIVE;
				CLANG_CXX_LANGUAGE_STANDARD = "gnu++20";
				CLANG_ENABLE_MODULES = YES;
				CLANG_ENABLE_OBJC_ARC = YES;
				CLANG_ENABLE_OBJC_WEAK = YES;
				CLANG_WARN_BLOCK_CAPTURE_AUTORELEASING = YES;
				CLANG_WARN_BOOL_CONVERSION = YES;
				CLANG_WARN_COMMA = YES;
				CLANG_WARN_CONSTANT_CONVERSION = YES;
				CLANG_WARN_DEPRECATED_OBJC_IMPLEMENTATIONS = YES;
				CLANG_WARN_DIRECT_OBJC_ISA_USAGE = YES_ERROR;
				CLANG_WARN_DOCUMENTATION_COMMENTS = YES;
				CLANG_WARN_EMPTY_BODY = YES;
				CLANG_WARN_ENUM_CONVERSION = YES;
				CLANG_WARN_INFINITE_RECURSION = YES;
				CLANG_WARN_INT_CONVERSION = YES;
				CLANG_WARN_NON_LITERAL_NULL_CONVERSION = YES;
				CLANG_WARN_OBJC_IMPLICIT_RETAIN_SELF = YES;
				CLANG_WARN_OBJC_LITERAL_CONVERSION = YES;
				CLANG_WARN_OBJC_ROOT_CLASS = YES_ERROR;
				CLANG_WARN_QUOTED_INCLUDE_IN_FRAMEWORK_HEADER = YES;
				CLANG_WARN_RANGE_LOOP_ANALYSIS = YES;
				CLANG_WARN_STRICT_PROTOTYPES = YES;
				CLANG_WARN_SUSPICIOUS_MOVE = YES;
				CLANG_WARN_UNGUARDED_AVAILABILITY = YES_AGGRESSIVE;
				CLANG_WARN_UNREACHABLE_CODE = YES;
				CLANG_WARN__DUPLICATE_METHOD_MATCH = YES;
				COPY_PHASE_STRIP = NO;
				DEBUG_INFORMATION_FORMAT = dwarf;
				ENABLE_STRICT_OBJC_MSGSEND = YES;
				ENABLE_TESTABILITY = YES;
				ENABLE_USER_SCRIPT_SANDBOXING = YES;
				GCC_C_LANGUAGE_STANDARD = gnu17;
				GCC_DYNAMIC_NO_PIC = NO;
				GCC_NO_COMMON_BLOCKS = YES;
				GCC_OPTIMIZATION_LEVEL = 0;
				GCC_PREPROCESSOR_DEFINITIONS = (
					"DEBUG=1",
					"$(inherited)",
				);
				GCC_WARN_64_TO_32_BIT_CONVERSION = YES;
				GCC_WARN_ABOUT_RETURN_TYPE = YES_ERROR;
				GCC_WARN_UNDECLARED_SELECTOR = YES;
				GCC_WARN_UNINITIALIZED_AUTOS = YES_AGGRESSIVE;
				GCC_WARN_UNUSED_FUNCTION = YES;
				GCC_WARN_UNUSED_VARIABLE = YES;
				IPHONEOS_DEPLOYMENT_TARGET = 18.2;
				LOCALIZATION_PREFERS_STRING_CATALOGS = YES;
				MTL_ENABLE_DEBUG_INFO = INCLUDE_SOURCE;
				MTL_FAST_MATH = YES;
				ONLY_ACTIVE_ARCH = YES;
				SDKROOT = iphoneos;
				SWIFT_ACTIVE_COMPILATION_CONDITIONS = "DEBUG $(inherited)";
				SWIFT_OPTIMIZATION_LEVEL = "-Onone";
			};
			name = Debug;
		};
		374DA65A2D8B4E1B001E3FCE /* Release */ = {
			isa = XCBuildConfiguration;
			buildSettings = {
				ALWAYS_SEARCH_USER_PATHS = NO;
				ASSETCATALOG_COMPILER_GENERATE_SWIFT_ASSET_SYMBOL_EXTENSIONS = YES;
				CLANG_ANALYZER_NONNULL = YES;
				CLANG_ANALYZER_NUMBER_OBJECT_CONVERSION = YES_AGGRESSIVE;
				CLANG_CXX_LANGUAGE_STANDARD = "gnu++20";
				CLANG_ENABLE_MODULES = YES;
				CLANG_ENABLE_OBJC_ARC = YES;
				CLANG_ENABLE_OBJC_WEAK = YES;
				CLANG_WARN_BLOCK_CAPTURE_AUTORELEASING = YES;
				CLANG_WARN_BOOL_CONVERSION = YES;
				CLANG_WARN_COMMA = YES;
				CLANG_WARN_CONSTANT_CONVERSION = YES;
				CLANG_WARN_DEPRECATED_OBJC_IMPLEMENTATIONS = YES;
				CLANG_WARN_DIRECT_OBJC_ISA_USAGE = YES_ERROR;
				CLANG_WARN_DOCUMENTATION_COMMENTS = YES;
				CLANG_WARN_EMPTY_BODY = YES;
				CLANG_WARN_ENUM_CONVERSION = YES;
				CLANG_WARN_INFINITE_RECURSION = YES;
				CLANG_WARN_INT_CONVERSION = YES;
				CLANG_WARN_NON_LITERAL_NULL_CONVERSION = YES;
				CLANG_WARN_OBJC_IMPLICIT_RETAIN_SELF = YES;
				CLANG_WARN_OBJC_LITERAL_CONVERSION = YES;
				CLANG_WARN_OBJC_ROOT_CLASS = YES_ERROR;
				CLANG_WARN_QUOTED_INCLUDE_IN_FRAMEWORK_HEADER = YES;
				CLANG_WARN_RANGE_LOOP_ANALYSIS = YES;
				CLANG_WARN_STRICT_PROTOTYPES = YES;
				CLANG_WARN_SUSPICIOUS_MOVE = YES;
				CLANG_WARN_UNGUARDED_AVAILABILITY = YES_AGGRESSIVE;
				CLANG_WARN_UNREACHABLE_CODE = YES;
				CLANG_WARN__DUPLICATE_METHOD_MATCH = YES;
				COPY_PHASE_STRIP = NO;
				DEBUG_INFORMATION_FORMAT = "dwarf-with-dsym";
				ENABLE_NS_ASSERTIONS = NO;
				ENABLE_STRICT_OBJC_MSGSEND = YES;
				ENABLE_USER_SCRIPT_SANDBOXING = YES;
				GCC_C_LANGUAGE_STANDARD = gnu17;
				GCC_NO_COMMON_BLOCKS = YES;
				GCC_WARN_64_TO_32_BIT_CONVERSION = YES;
				GCC_WARN_ABOUT_RETURN_TYPE = YES_ERROR;
				GCC_WARN_UNDECLARED_SELECTOR = YES;
				GCC_WARN_UNINITIALIZED_AUTOS = YES_AGGRESSIVE;
				GCC_WARN_UNUSED_FUNCTION = YES;
				GCC_WARN_UNUSED_VARIABLE = YES;
				IPHONEOS_DEPLOYMENT_TARGET = 18.2;
				LOCALIZATION_PREFERS_STRING_CATALOGS = YES;
				MTL_ENABLE_DEBUG_INFO = NO;
				MTL_FAST_MATH = YES;
				SDKROOT = iphoneos;
				SWIFT_COMPILATION_MODE = wholemodule;
				VALIDATE_PRODUCT = YES;
			};
			name = Release;
		};
		374DA65C2D8B4E1B001E3FCE /* Debug */ = {
			isa = XCBuildConfiguration;
			buildSettings = {
				ASSETCATALOG_COMPILER_APPICON_NAME = AppIcon;
				ASSETCATALOG_COMPILER_GLOBAL_ACCENT_COLOR_NAME = AccentColor;
				CODE_SIGN_STYLE = Automatic;
				CURRENT_PROJECT_VERSION = 1;
				DEVELOPMENT_ASSET_PATHS = "\"Architecture/Preview Content\"";
				DEVELOPMENT_TEAM = R5L72AD597;
				ENABLE_PREVIEWS = YES;
				GENERATE_INFOPLIST_FILE = YES;
				INFOPLIST_KEY_UIApplicationSceneManifest_Generation = YES;
				INFOPLIST_KEY_UIApplicationSupportsIndirectInputEvents = YES;
				INFOPLIST_KEY_UILaunchScreen_Generation = YES;
				INFOPLIST_KEY_UISupportedInterfaceOrientations_iPad = "UIInterfaceOrientationPortrait UIInterfaceOrientationPortraitUpsideDown UIInterfaceOrientationLandscapeLeft UIInterfaceOrientationLandscapeRight";
				INFOPLIST_KEY_UISupportedInterfaceOrientations_iPhone = "UIInterfaceOrientationPortrait UIInterfaceOrientationLandscapeLeft UIInterfaceOrientationLandscapeRight";
				LD_RUNPATH_SEARCH_PATHS = (
					"$(inherited)",
					"@executable_path/Frameworks",
				);
				MARKETING_VERSION = 1.0;
				PRODUCT_BUNDLE_IDENTIFIER = co.oliviergeiger.Architecture;
				PRODUCT_NAME = "$(TARGET_NAME)";
				SWIFT_EMIT_LOC_STRINGS = YES;
				SWIFT_VERSION = 5.0;
				TARGETED_DEVICE_FAMILY = "1,2";
			};
			name = Debug;
		};
		374DA65D2D8B4E1B001E3FCE /* Release */ = {
			isa = XCBuildConfiguration;
			buildSettings = {
				ASSETCATALOG_COMPILER_APPICON_NAME = AppIcon;
				ASSETCATALOG_COMPILER_GLOBAL_ACCENT_COLOR_NAME = AccentColor;
				CODE_SIGN_STYLE = Automatic;
				CURRENT_PROJECT_VERSION = 1;
				DEVELOPMENT_ASSET_PATHS = "\"Architecture/Preview Content\"";
				DEVELOPMENT_TEAM = R5L72AD597;
				ENABLE_PREVIEWS = YES;
				GENERATE_INFOPLIST_FILE = YES;
				INFOPLIST_KEY_UIApplicationSceneManifest_Generation = YES;
				INFOPLIST_KEY_UIApplicationSupportsIndirectInputEvents = YES;
				INFOPLIST_KEY_UILaunchScreen_Generation = YES;
				INFOPLIST_KEY_UISupportedInterfaceOrientations_iPad = "UIInterfaceOrientationPortrait UIInterfaceOrientationPortraitUpsideDown UIInterfaceOrientationLandscapeLeft UIInterfaceOrientationLandscapeRight";
				INFOPLIST_KEY_UISupportedInterfaceOrientations_iPhone = "UIInterfaceOrientationPortrait UIInterfaceOrientationLandscapeLeft UIInterfaceOrientationLandscapeRight";
				LD_RUNPATH_SEARCH_PATHS = (
					"$(inherited)",
					"@executable_path/Frameworks",
				);
				MARKETING_VERSION = 1.0;
				PRODUCT_BUNDLE_IDENTIFIER = co.oliviergeiger.Architecture;
				PRODUCT_NAME = "$(TARGET_NAME)";
				SWIFT_EMIT_LOC_STRINGS = YES;
				SWIFT_VERSION = 5.0;
				TARGETED_DEVICE_FAMILY = "1,2";
			};
			name = Release;
		};
/* End XCBuildConfiguration section */

/* Begin XCConfigurationList section */
		374DA6482D8B4E1A001E3FCE /* Build configuration list for PBXProject "Architecture" */ = {
			isa = XCConfigurationList;
			buildConfigurations = (
				374DA6592D8B4E1B001E3FCE /* Debug */,
				374DA65A2D8B4E1B001E3FCE /* Release */,
			);
			defaultConfigurationIsVisible = 0;
			defaultConfigurationName = Release;
		};
		374DA65B2D8B4E1B001E3FCE /* Build configuration list for PBXNativeTarget "Architecture" */ = {
			isa = XCConfigurationList;
			buildConfigurations = (
				374DA65C2D8B4E1B001E3FCE /* Debug */,
				374DA65D2D8B4E1B001E3FCE /* Release */,
			);
			defaultConfigurationIsVisible = 0;
			defaultConfigurationName = Release;
		};
/* End XCConfigurationList section */
	};
	rootObject = 374DA6452D8B4E1A001E3FCE /* Project object */;
}
